
Microsoft Visual Studio Solution File, Format Version 12.00
# Visual Studio Version 17
VisualStudioVersion = 17.14.36414.22
MinimumVisualStudioVersion = 10.0.40219.1
Project("{FAE04EC0-301F-11D3-BF4B-00C04F79EFBC}") = "Handog_MobileApp", "Handog_MobileApp.csproj", "{1CE9DFCB-CD56-45BB-93DD-4E1E747AAF4A}"
EndProject
Project("{FAE04EC0-301F-11D3-BF4B-00C04F79EFBC}") = "Handog_AdminWeb", "..\Handog_AdminWeb\Handog_AdminWeb.csproj", "{F6361A3B-C5DE-40CD-A866-C376788CFB9D}"
EndProject
Project("{FAE04EC0-301F-11D3-BF4B-00C04F79EFBC}") = "Handog_API", "..\Handog_API\Handog_API.csproj", "{61CFB82A-4245-47B2-860B-41E39A525C5D}"
EndProject
Global
	GlobalSection(SolutionConfigurationPlatforms) = preSolution
		Debug|Any CPU = Debug|Any CPU
		Debug|ARM32 = Debug|ARM32
		Release|Any CPU = Release|Any CPU
		Release|ARM32 = Release|ARM32
	EndGlobalSection
	GlobalSection(ProjectConfigurationPlatforms) = postSolution
		{1CE9DFCB-CD56-45BB-93DD-4E1E747AAF4A}.Debug|Any CPU.ActiveCfg = Debug|Any CPU
		{1CE9DFCB-CD56-45BB-93DD-4E1E747AAF4A}.Debug|Any CPU.Build.0 = Debug|Any CPU
		{1CE9DFCB-CD56-45BB-93DD-4E1E747AAF4A}.Debug|Any CPU.Deploy.0 = Debug|Any CPU
		{1CE9DFCB-CD56-45BB-93DD-4E1E747AAF4A}.Debug|ARM32.ActiveCfg = Debug|ARM32
		{1CE9DFCB-CD56-45BB-93DD-4E1E747AAF4A}.Debug|ARM32.Build.0 = Debug|ARM32
		{1CE9DFCB-CD56-45BB-93DD-4E1E747AAF4A}.Debug|ARM32.Deploy.0 = Debug|ARM32
		{1CE9DFCB-CD56-45BB-93DD-4E1E747AAF4A}.Release|Any CPU.ActiveCfg = Release|Any CPU
		{1CE9DFCB-CD56-45BB-93DD-4E1E747AAF4A}.Release|Any CPU.Build.0 = Release|Any CPU
		{1CE9DFCB-CD56-45BB-93DD-4E1E747AAF4A}.Release|Any CPU.Deploy.0 = Release|Any CPU
		{1CE9DFCB-CD56-45BB-93DD-4E1E747AAF4A}.Release|ARM32.ActiveCfg = Release|ARM32
		{1CE9DFCB-CD56-45BB-93DD-4E1E747AAF4A}.Release|ARM32.Build.0 = Release|ARM32
		{1CE9DFCB-CD56-45BB-93DD-4E1E747AAF4A}.Release|ARM32.Deploy.0 = Release|ARM32
		{F6361A3B-C5DE-40CD-A866-C376788CFB9D}.Debug|Any CPU.ActiveCfg = Debug|Any CPU
		{F6361A3B-C5DE-40CD-A866-C376788CFB9D}.Debug|Any CPU.Build.0 = Debug|Any CPU
		{F6361A3B-C5DE-40CD-A866-C376788CFB9D}.Debug|ARM32.ActiveCfg = Debug|Any CPU
		{F6361A3B-C5DE-40CD-A866-C376788CFB9D}.Debug|ARM32.Build.0 = Debug|Any CPU
		{F6361A3B-C5DE-40CD-A866-C376788CFB9D}.Release|Any CPU.ActiveCfg = Release|Any CPU
		{F6361A3B-C5DE-40CD-A866-C376788CFB9D}.Release|Any CPU.Build.0 = Release|Any CPU
		{F6361A3B-C5DE-40CD-A866-C376788CFB9D}.Release|ARM32.ActiveCfg = Release|Any CPU
		{F6361A3B-C5DE-40CD-A866-C376788CFB9D}.Release|ARM32.Build.0 = Release|Any CPU
		{61CFB82A-4245-47B2-860B-41E39A525C5D}.Debug|Any CPU.ActiveCfg = Debug|Any CPU
		{61CFB82A-4245-47B2-860B-41E39A525C5D}.Debug|Any CPU.Build.0 = Debug|Any CPU
		{61CFB82A-4245-47B2-860B-41E39A525C5D}.Debug|ARM32.ActiveCfg = Debug|Any CPU
		{61CFB82A-4245-47B2-860B-41E39A525C5D}.Debug|ARM32.Build.0 = Debug|Any CPU
		{61CFB82A-4245-47B2-860B-41E39A525C5D}.Release|Any CPU.ActiveCfg = Release|Any CPU
		{61CFB82A-4245-47B2-860B-41E39A525C5D}.Release|Any CPU.Build.0 = Release|Any CPU
		{61CFB82A-4245-47B2-860B-41E39A525C5D}.Release|ARM32.ActiveCfg = Release|Any CPU
		{61CFB82A-4245-47B2-860B-41E39A525C5D}.Release|ARM32.Build.0 = Release|Any CPU
	EndGlobalSection
	GlobalSection(SolutionProperties) = preSolution
		HideSolutionNode = FALSE
	EndGlobalSection
	GlobalSection(ExtensibilityGlobals) = postSolution
		SolutionGuid = {89C5E53B-E358-4510-9250-A50891C9A427}
	EndGlobalSection
EndGlobal
